
Microsoft Visual Studio Solution File, Format Version 12.00
# Visual Studio Version 17
VisualStudioVersion = 17.2.32630.192
MinimumVisualStudioVersion = 10.0.40219.1
Project("{FAE04EC0-301F-11D3-BF4B-00C04F79EFBC}") = "20.101-Farukov_authorization", "20.101-Farukov_authorization\20.101-Farukov_authorization.csproj", "{1279A60B-34EF-40CE-BDE1-33B0BD06C069}"
EndProject
Global
	GlobalSection(SolutionConfigurationPlatforms) = preSolution
		Debug|Any CPU = Debug|Any CPU
		Release|Any CPU = Release|Any CPU
	EndGlobalSection
	GlobalSection(ProjectConfigurationPlatforms) = postSolution
		{1279A60B-34EF-40CE-BDE1-33B0BD06C069}.Debug|Any CPU.ActiveCfg = Debug|Any CPU
		{1279A60B-34EF-40CE-BDE1-33B0BD06C069}.Debug|Any CPU.Build.0 = Debug|Any CPU
		{1279A60B-34EF-40CE-BDE1-33B0BD06C069}.Release|Any CPU.ActiveCfg = Release|Any CPU
		{1279A60B-34EF-40CE-BDE1-33B0BD06C069}.Release|Any CPU.Build.0 = Release|Any CPU
	EndGlobalSection
	GlobalSection(SolutionProperties) = preSolution
		HideSolutionNode = FALSE
	EndGlobalSection
	GlobalSection(ExtensibilityGlobals) = postSolution
		SolutionGuid = {E018F839-9AA9-480F-BA7E-DDA0B51EEFEE}
	EndGlobalSection
EndGlobal
